
Microsoft Visual Studio Solution File, Format Version 12.00
# Visual Studio Version 16
VisualStudioVersion = 16.0.31205.134
MinimumVisualStudioVersion = 10.0.40219.1
Project("{2150E333-8FDC-42A3-9474-1A3956D46DE8}") = "SmartBank.Clientes", "SmartBank.Clientes", "{96AD7093-7BF2-4833-8CAF-A213D1752B22}"
EndProject
Project("{2150E333-8FDC-42A3-9474-1A3956D46DE8}") = "SmartBank.Email", "SmartBank.Email", "{EE1ECE1F-8D52-4991-89AC-DC293B313CE8}"
EndProject
Project("{2150E333-8FDC-42A3-9474-1A3956D46DE8}") = "SmartBank.ScoreValid", "SmartBank.ScoreValid", "{0009AF7A-5CE9-486B-82F9-F59B2787FE04}"
EndProject
Project("{2150E333-8FDC-42A3-9474-1A3956D46DE8}") = "SmartBank.DataValid", "SmartBank.DataValid", "{1F3171E9-4403-40FC-A256-E3A97386A6DC}"
EndProject
Project("{2150E333-8FDC-42A3-9474-1A3956D46DE8}") = "1 - Services", "1 - Services", "{6C3E8406-74A1-4922-AF1A-B92A9DFDA82C}"
EndProject
Project("{9A19103F-16F7-4668-BE54-9A1E7A4F7556}") = "SmartBank.Api", "SmartBank\SmartBankUsers.Api\SmartBank.Api.csproj", "{331AF627-A437-4F64-B5C9-5D67F25F5711}"
EndProject
Project("{2150E333-8FDC-42A3-9474-1A3956D46DE8}") = "2 - Application", "2 - Application", "{D5F0913D-ACA8-427D-9451-E510C8B88D65}"
EndProject
Project("{9A19103F-16F7-4668-BE54-9A1E7A4F7556}") = "SmartBank.Application", "SmartBank\SmartBankUsers.Application\SmartBank.Application.csproj", "{86DC245F-F7DE-4AA5-8F45-E1AFFB8AFC0D}"
EndProject
Project("{2150E333-8FDC-42A3-9474-1A3956D46DE8}") = "3 - Domain", "3 - Domain", "{5BCEC38E-E99E-4941-ABA1-A35092E25E4F}"
EndProject
Project("{9A19103F-16F7-4668-BE54-9A1E7A4F7556}") = "SmartBank.Domain", "SmartBank\SmartBank.Domain\SmartBank.Domain.csproj", "{41FE01D7-5402-4DEA-B41B-869CFDF01B09}"
EndProject
Project("{2150E333-8FDC-42A3-9474-1A3956D46DE8}") = "4 - Infra", "4 - Infra", "{9D8E1873-0670-472D-A3E2-526E139F9567}"
EndProject
Project("{2150E333-8FDC-42A3-9474-1A3956D46DE8}") = "4.1 - Infra.Data", "4.1 - Infra.Data", "{44E6C3A4-363C-4333-8F6B-8E935231D146}"
EndProject
Project("{9A19103F-16F7-4668-BE54-9A1E7A4F7556}") = "SmartBank.Infra.Data.Repository", "SmartBank\SmartBankUsers.Infra.Data.Repository\SmartBank.Infra.Data.Repository.csproj", "{D921589B-8020-4387-986B-81C89E8677EE}"
EndProject
Project("{2150E333-8FDC-42A3-9474-1A3956D46DE8}") = "4.2 - Infra.CrossCutting", "4.2 - Infra.CrossCutting", "{FE831002-F7F0-4115-95BD-93756BAF6C88}"
EndProject
Project("{9A19103F-16F7-4668-BE54-9A1E7A4F7556}") = "SmartBank.Infra.CrossCutting.Ioc", "SmartBank\SmartBankUsers.Infra.CrossCutting.Ioc\SmartBank.Infra.CrossCutting.Ioc.csproj", "{087A32EA-4353-4BE7-A9A8-EDA2C5AAAAE4}"
EndProject
Project("{2150E333-8FDC-42A3-9474-1A3956D46DE8}") = "5 - Integrations", "5 - Integrations", "{FEBDED6B-5F91-49DE-A0AC-02082C25A5DA}"
EndProject
Project("{9A19103F-16F7-4668-BE54-9A1E7A4F7556}") = "SmartBank.AuthIntegration", "SmartBank\SmartBank.AuthIntegration\SmartBank.AuthIntegration.csproj", "{5CC35408-7469-4F1E-89A2-D1D595D00605}"
EndProject
Project("{9A19103F-16F7-4668-BE54-9A1E7A4F7556}") = "SmartBank.DataValid.Api", "SmartBankDataValid\SmartBank.DataValid.api\SmartBank.DataValid.Api.csproj", "{971AF9F1-94AD-4574-B21D-EC5D55799DF3}"
EndProject
Project("{9A19103F-16F7-4668-BE54-9A1E7A4F7556}") = "SmartBank.Email.Api", "SmartBank.Email\SmartBank.Email.Api\SmartBank.Email.Api.csproj", "{AFA832BE-F41E-4770-9CE1-87FAAA55B6AD}"
EndProject
Project("{9A19103F-16F7-4668-BE54-9A1E7A4F7556}") = "SmartBank.ScoreValid.Api", "SmartBank.ScoreValid\SmartBank.ScoreValid.Api\SmartBank.ScoreValid.Api.csproj", "{F21077C7-3030-41F6-9C92-D40981E15D13}"
EndProject
Global
	GlobalSection(SolutionConfigurationPlatforms) = preSolution
		Debug|Any CPU = Debug|Any CPU
		Release|Any CPU = Release|Any CPU
	EndGlobalSection
	GlobalSection(ProjectConfigurationPlatforms) = postSolution
		{331AF627-A437-4F64-B5C9-5D67F25F5711}.Debug|Any CPU.ActiveCfg = Debug|Any CPU
		{331AF627-A437-4F64-B5C9-5D67F25F5711}.Debug|Any CPU.Build.0 = Debug|Any CPU
		{331AF627-A437-4F64-B5C9-5D67F25F5711}.Release|Any CPU.ActiveCfg = Release|Any CPU
		{331AF627-A437-4F64-B5C9-5D67F25F5711}.Release|Any CPU.Build.0 = Release|Any CPU
		{86DC245F-F7DE-4AA5-8F45-E1AFFB8AFC0D}.Debug|Any CPU.ActiveCfg = Debug|Any CPU
		{86DC245F-F7DE-4AA5-8F45-E1AFFB8AFC0D}.Debug|Any CPU.Build.0 = Debug|Any CPU
		{86DC245F-F7DE-4AA5-8F45-E1AFFB8AFC0D}.Release|Any CPU.ActiveCfg = Release|Any CPU
		{86DC245F-F7DE-4AA5-8F45-E1AFFB8AFC0D}.Release|Any CPU.Build.0 = Release|Any CPU
		{41FE01D7-5402-4DEA-B41B-869CFDF01B09}.Debug|Any CPU.ActiveCfg = Debug|Any CPU
		{41FE01D7-5402-4DEA-B41B-869CFDF01B09}.Debug|Any CPU.Build.0 = Debug|Any CPU
		{41FE01D7-5402-4DEA-B41B-869CFDF01B09}.Release|Any CPU.ActiveCfg = Release|Any CPU
		{41FE01D7-5402-4DEA-B41B-869CFDF01B09}.Release|Any CPU.Build.0 = Release|Any CPU
		{D921589B-8020-4387-986B-81C89E8677EE}.Debug|Any CPU.ActiveCfg = Debug|Any CPU
		{D921589B-8020-4387-986B-81C89E8677EE}.Debug|Any CPU.Build.0 = Debug|Any CPU
		{D921589B-8020-4387-986B-81C89E8677EE}.Release|Any CPU.ActiveCfg = Release|Any CPU
		{D921589B-8020-4387-986B-81C89E8677EE}.Release|Any CPU.Build.0 = Release|Any CPU
		{087A32EA-4353-4BE7-A9A8-EDA2C5AAAAE4}.Debug|Any CPU.ActiveCfg = Debug|Any CPU
		{087A32EA-4353-4BE7-A9A8-EDA2C5AAAAE4}.Debug|Any CPU.Build.0 = Debug|Any CPU
		{087A32EA-4353-4BE7-A9A8-EDA2C5AAAAE4}.Release|Any CPU.ActiveCfg = Release|Any CPU
		{087A32EA-4353-4BE7-A9A8-EDA2C5AAAAE4}.Release|Any CPU.Build.0 = Release|Any CPU
		{5CC35408-7469-4F1E-89A2-D1D595D00605}.Debug|Any CPU.ActiveCfg = Debug|Any CPU
		{5CC35408-7469-4F1E-89A2-D1D595D00605}.Debug|Any CPU.Build.0 = Debug|Any CPU
		{5CC35408-7469-4F1E-89A2-D1D595D00605}.Release|Any CPU.ActiveCfg = Release|Any CPU
		{5CC35408-7469-4F1E-89A2-D1D595D00605}.Release|Any CPU.Build.0 = Release|Any CPU
		{971AF9F1-94AD-4574-B21D-EC5D55799DF3}.Debug|Any CPU.ActiveCfg = Debug|Any CPU
		{971AF9F1-94AD-4574-B21D-EC5D55799DF3}.Debug|Any CPU.Build.0 = Debug|Any CPU
		{971AF9F1-94AD-4574-B21D-EC5D55799DF3}.Release|Any CPU.ActiveCfg = Release|Any CPU
		{971AF9F1-94AD-4574-B21D-EC5D55799DF3}.Release|Any CPU.Build.0 = Release|Any CPU
		{AFA832BE-F41E-4770-9CE1-87FAAA55B6AD}.Debug|Any CPU.ActiveCfg = Debug|Any CPU
		{AFA832BE-F41E-4770-9CE1-87FAAA55B6AD}.Debug|Any CPU.Build.0 = Debug|Any CPU
		{AFA832BE-F41E-4770-9CE1-87FAAA55B6AD}.Release|Any CPU.ActiveCfg = Release|Any CPU
		{AFA832BE-F41E-4770-9CE1-87FAAA55B6AD}.Release|Any CPU.Build.0 = Release|Any CPU
		{F21077C7-3030-41F6-9C92-D40981E15D13}.Debug|Any CPU.ActiveCfg = Debug|Any CPU
		{F21077C7-3030-41F6-9C92-D40981E15D13}.Debug|Any CPU.Build.0 = Debug|Any CPU
		{F21077C7-3030-41F6-9C92-D40981E15D13}.Release|Any CPU.ActiveCfg = Release|Any CPU
		{F21077C7-3030-41F6-9C92-D40981E15D13}.Release|Any CPU.Build.0 = Release|Any CPU
	EndGlobalSection
	GlobalSection(SolutionProperties) = preSolution
		HideSolutionNode = FALSE
	EndGlobalSection
	GlobalSection(NestedProjects) = preSolution
		{6C3E8406-74A1-4922-AF1A-B92A9DFDA82C} = {96AD7093-7BF2-4833-8CAF-A213D1752B22}
		{331AF627-A437-4F64-B5C9-5D67F25F5711} = {6C3E8406-74A1-4922-AF1A-B92A9DFDA82C}
		{D5F0913D-ACA8-427D-9451-E510C8B88D65} = {96AD7093-7BF2-4833-8CAF-A213D1752B22}
		{86DC245F-F7DE-4AA5-8F45-E1AFFB8AFC0D} = {D5F0913D-ACA8-427D-9451-E510C8B88D65}
		{5BCEC38E-E99E-4941-ABA1-A35092E25E4F} = {96AD7093-7BF2-4833-8CAF-A213D1752B22}
		{41FE01D7-5402-4DEA-B41B-869CFDF01B09} = {5BCEC38E-E99E-4941-ABA1-A35092E25E4F}
		{9D8E1873-0670-472D-A3E2-526E139F9567} = {96AD7093-7BF2-4833-8CAF-A213D1752B22}
		{44E6C3A4-363C-4333-8F6B-8E935231D146} = {9D8E1873-0670-472D-A3E2-526E139F9567}
		{D921589B-8020-4387-986B-81C89E8677EE} = {44E6C3A4-363C-4333-8F6B-8E935231D146}
		{FE831002-F7F0-4115-95BD-93756BAF6C88} = {9D8E1873-0670-472D-A3E2-526E139F9567}
		{087A32EA-4353-4BE7-A9A8-EDA2C5AAAAE4} = {FE831002-F7F0-4115-95BD-93756BAF6C88}
		{FEBDED6B-5F91-49DE-A0AC-02082C25A5DA} = {96AD7093-7BF2-4833-8CAF-A213D1752B22}
		{5CC35408-7469-4F1E-89A2-D1D595D00605} = {FEBDED6B-5F91-49DE-A0AC-02082C25A5DA}
		{971AF9F1-94AD-4574-B21D-EC5D55799DF3} = {1F3171E9-4403-40FC-A256-E3A97386A6DC}
		{AFA832BE-F41E-4770-9CE1-87FAAA55B6AD} = {EE1ECE1F-8D52-4991-89AC-DC293B313CE8}
		{F21077C7-3030-41F6-9C92-D40981E15D13} = {0009AF7A-5CE9-486B-82F9-F59B2787FE04}
	EndGlobalSection
	GlobalSection(ExtensibilityGlobals) = postSolution
		SolutionGuid = {56391C06-85B2-4C57-9F22-56FC7991D3A0}
	EndGlobalSection
EndGlobal
