
Microsoft Visual Studio Solution File, Format Version 12.00
# Visual Studio Version 16
VisualStudioVersion = 16.0.31025.194
MinimumVisualStudioVersion = 10.0.40219.1
Project("{2150E333-8FDC-42A3-9474-1A3956D46DE8}") = "1 - Services", "1 - Services", "{C9ECB25C-88E0-49A2-822A-301F2AB34798}"
EndProject
Project("{2150E333-8FDC-42A3-9474-1A3956D46DE8}") = "2 - Application", "2 - Application", "{C4059A71-BCA4-46E1-8999-3EB01249E0A9}"
EndProject
Project("{2150E333-8FDC-42A3-9474-1A3956D46DE8}") = "3 - Domain", "3 - Domain", "{E8F033DF-C1A0-4476-B8C6-B6B98C6307DB}"
EndProject
Project("{2150E333-8FDC-42A3-9474-1A3956D46DE8}") = "4 - Infra", "4 - Infra", "{AEC131C3-0574-4DD4-990B-325195AF4995}"
EndProject
Project("{2150E333-8FDC-42A3-9474-1A3956D46DE8}") = "4.1 - Infra.Data", "4.1 - Infra.Data", "{7D55400D-8167-46BE-B77F-2D8706D0E2D3}"
EndProject
Project("{2150E333-8FDC-42A3-9474-1A3956D46DE8}") = "4.2 - Infra.CrossCutting", "4.2 - Infra.CrossCutting", "{A13E19F7-430C-4C08-8E16-39925D4BB77B}"
EndProject
Project("{2150E333-8FDC-42A3-9474-1A3956D46DE8}") = "5 - Integrations", "5 - Integrations", "{70118515-03C1-475C-9F60-52C00DD5B4EB}"
EndProject
Project("{2150E333-8FDC-42A3-9474-1A3956D46DE8}") = "9 - Tests", "9 - Tests", "{DB6EC195-9C45-4C66-B5FB-A115A5C6FAE3}"
EndProject
Project("{9A19103F-16F7-4668-BE54-9A1E7A4F7556}") = "SmartBank.Domain", "SmartBank.Domain\SmartBank.Domain.csproj", "{3687545F-F2B7-48F1-8D83-BB18C3F3D9FC}"
EndProject
Project("{9A19103F-16F7-4668-BE54-9A1E7A4F7556}") = "SmartBank.Application", "SmartBankUsers.Application\SmartBank.Application.csproj", "{9BC15411-8B20-47FA-870D-5498139BFE62}"
EndProject
Project("{9A19103F-16F7-4668-BE54-9A1E7A4F7556}") = "SmartBank.Infra.Data.Repository", "SmartBankUsers.Infra.Data.Repository\SmartBank.Infra.Data.Repository.csproj", "{4727AC50-9E42-4257-AF2E-BDD9856FF386}"
EndProject
Project("{9A19103F-16F7-4668-BE54-9A1E7A4F7556}") = "SmartBank.Infra.CrossCutting.Ioc", "SmartBankUsers.Infra.CrossCutting.Ioc\SmartBank.Infra.CrossCutting.Ioc.csproj", "{2CC347B9-DAB7-464A-97A2-E32F0923CF1E}"
EndProject
Project("{9A19103F-16F7-4668-BE54-9A1E7A4F7556}") = "SmartBank.Api", "SmartBankUsers.Api\SmartBank.Api.csproj", "{E53152ED-760C-4CFB-BF87-4DB0D4A06956}"
EndProject
Project("{FAE04EC0-301F-11D3-BF4B-00C04F79EFBC}") = "SmartBank.AuthIntegration", "SmartBank.AuthIntegration\SmartBank.AuthIntegration.csproj", "{D7478E34-CE57-4EF8-B5EA-69A098783EC7}"
EndProject
Global
	GlobalSection(SolutionConfigurationPlatforms) = preSolution
		Debug|Any CPU = Debug|Any CPU
		Release|Any CPU = Release|Any CPU
	EndGlobalSection
	GlobalSection(ProjectConfigurationPlatforms) = postSolution
		{3687545F-F2B7-48F1-8D83-BB18C3F3D9FC}.Debug|Any CPU.ActiveCfg = Debug|Any CPU
		{3687545F-F2B7-48F1-8D83-BB18C3F3D9FC}.Debug|Any CPU.Build.0 = Debug|Any CPU
		{3687545F-F2B7-48F1-8D83-BB18C3F3D9FC}.Release|Any CPU.ActiveCfg = Release|Any CPU
		{3687545F-F2B7-48F1-8D83-BB18C3F3D9FC}.Release|Any CPU.Build.0 = Release|Any CPU
		{9BC15411-8B20-47FA-870D-5498139BFE62}.Debug|Any CPU.ActiveCfg = Debug|Any CPU
		{9BC15411-8B20-47FA-870D-5498139BFE62}.Debug|Any CPU.Build.0 = Debug|Any CPU
		{9BC15411-8B20-47FA-870D-5498139BFE62}.Release|Any CPU.ActiveCfg = Release|Any CPU
		{9BC15411-8B20-47FA-870D-5498139BFE62}.Release|Any CPU.Build.0 = Release|Any CPU
		{4727AC50-9E42-4257-AF2E-BDD9856FF386}.Debug|Any CPU.ActiveCfg = Debug|Any CPU
		{4727AC50-9E42-4257-AF2E-BDD9856FF386}.Debug|Any CPU.Build.0 = Debug|Any CPU
		{4727AC50-9E42-4257-AF2E-BDD9856FF386}.Release|Any CPU.ActiveCfg = Release|Any CPU
		{4727AC50-9E42-4257-AF2E-BDD9856FF386}.Release|Any CPU.Build.0 = Release|Any CPU
		{2CC347B9-DAB7-464A-97A2-E32F0923CF1E}.Debug|Any CPU.ActiveCfg = Debug|Any CPU
		{2CC347B9-DAB7-464A-97A2-E32F0923CF1E}.Debug|Any CPU.Build.0 = Debug|Any CPU
		{2CC347B9-DAB7-464A-97A2-E32F0923CF1E}.Release|Any CPU.ActiveCfg = Release|Any CPU
		{2CC347B9-DAB7-464A-97A2-E32F0923CF1E}.Release|Any CPU.Build.0 = Release|Any CPU
		{E53152ED-760C-4CFB-BF87-4DB0D4A06956}.Debug|Any CPU.ActiveCfg = Debug|Any CPU
		{E53152ED-760C-4CFB-BF87-4DB0D4A06956}.Debug|Any CPU.Build.0 = Debug|Any CPU
		{E53152ED-760C-4CFB-BF87-4DB0D4A06956}.Release|Any CPU.ActiveCfg = Release|Any CPU
		{E53152ED-760C-4CFB-BF87-4DB0D4A06956}.Release|Any CPU.Build.0 = Release|Any CPU
		{D7478E34-CE57-4EF8-B5EA-69A098783EC7}.Debug|Any CPU.ActiveCfg = Debug|Any CPU
		{D7478E34-CE57-4EF8-B5EA-69A098783EC7}.Debug|Any CPU.Build.0 = Debug|Any CPU
		{D7478E34-CE57-4EF8-B5EA-69A098783EC7}.Release|Any CPU.ActiveCfg = Release|Any CPU
		{D7478E34-CE57-4EF8-B5EA-69A098783EC7}.Release|Any CPU.Build.0 = Release|Any CPU
	EndGlobalSection
	GlobalSection(SolutionProperties) = preSolution
		HideSolutionNode = FALSE
	EndGlobalSection
	GlobalSection(NestedProjects) = preSolution
		{7D55400D-8167-46BE-B77F-2D8706D0E2D3} = {AEC131C3-0574-4DD4-990B-325195AF4995}
		{A13E19F7-430C-4C08-8E16-39925D4BB77B} = {AEC131C3-0574-4DD4-990B-325195AF4995}
		{3687545F-F2B7-48F1-8D83-BB18C3F3D9FC} = {E8F033DF-C1A0-4476-B8C6-B6B98C6307DB}
		{9BC15411-8B20-47FA-870D-5498139BFE62} = {C4059A71-BCA4-46E1-8999-3EB01249E0A9}
		{4727AC50-9E42-4257-AF2E-BDD9856FF386} = {7D55400D-8167-46BE-B77F-2D8706D0E2D3}
		{2CC347B9-DAB7-464A-97A2-E32F0923CF1E} = {A13E19F7-430C-4C08-8E16-39925D4BB77B}
		{E53152ED-760C-4CFB-BF87-4DB0D4A06956} = {C9ECB25C-88E0-49A2-822A-301F2AB34798}
		{D7478E34-CE57-4EF8-B5EA-69A098783EC7} = {70118515-03C1-475C-9F60-52C00DD5B4EB}
	EndGlobalSection
	GlobalSection(ExtensibilityGlobals) = postSolution
		SolutionGuid = {91362E17-497C-4A86-AAF7-1F6D80C61860}
	EndGlobalSection
EndGlobal
