
Microsoft Visual Studio Solution File, Format Version 12.00
# Visual Studio Version 16
VisualStudioVersion = 16.0.31205.134
MinimumVisualStudioVersion = 10.0.40219.1
Project("{FAE04EC0-301F-11D3-BF4B-00C04F79EFBC}") = "SmartBank.ScoreValid.Api", "SmartBank.ScoreValid.Api\SmartBank.ScoreValid.Api.csproj", "{3429D24D-0D59-4ED2-83B4-56A0055477DE}"
EndProject
Global
	GlobalSection(SolutionConfigurationPlatforms) = preSolution
		Debug|Any CPU = Debug|Any CPU
		Release|Any CPU = Release|Any CPU
	EndGlobalSection
	GlobalSection(ProjectConfigurationPlatforms) = postSolution
		{3429D24D-0D59-4ED2-83B4-56A0055477DE}.Debug|Any CPU.ActiveCfg = Debug|Any CPU
		{3429D24D-0D59-4ED2-83B4-56A0055477DE}.Debug|Any CPU.Build.0 = Debug|Any CPU
		{3429D24D-0D59-4ED2-83B4-56A0055477DE}.Release|Any CPU.ActiveCfg = Release|Any CPU
		{3429D24D-0D59-4ED2-83B4-56A0055477DE}.Release|Any CPU.Build.0 = Release|Any CPU
	EndGlobalSection
	GlobalSection(SolutionProperties) = preSolution
		HideSolutionNode = FALSE
	EndGlobalSection
	GlobalSection(ExtensibilityGlobals) = postSolution
		SolutionGuid = {D55F9AAA-9A22-496B-872F-AAF1F7251578}
	EndGlobalSection
EndGlobal
